
Microsoft Visual Studio Solution File, Format Version 12.00
# Visual Studio Version 16
VisualStudioVersion = 16.0.32228.343
MinimumVisualStudioVersion = 10.0.40219.1
Project("{D2ABAB84-BF74-430A-B69E-9DC6D40DDA17}") = "Cubos_de_Datos", "Cubos_de_Datos.dwproj", "{C60DCAF4-490B-4A52-9E8E-F54E1C91AAC1}"
EndProject
Global
	GlobalSection(SolutionConfigurationPlatforms) = preSolution
		Development|Default = Development|Default
	EndGlobalSection
	GlobalSection(ProjectConfigurationPlatforms) = postSolution
		{C60DCAF4-490B-4A52-9E8E-F54E1C91AAC1}.Development|Default.ActiveCfg = Development
		{C60DCAF4-490B-4A52-9E8E-F54E1C91AAC1}.Development|Default.Build.0 = Development
		{C60DCAF4-490B-4A52-9E8E-F54E1C91AAC1}.Development|Default.Deploy.0 = Development
	EndGlobalSection
	GlobalSection(SolutionProperties) = preSolution
		HideSolutionNode = FALSE
	EndGlobalSection
	GlobalSection(ExtensibilityGlobals) = postSolution
		SolutionGuid = {AC9DB0C2-EA22-47A1-BA7B-B6D2185849BB}
	EndGlobalSection
EndGlobal
